// !$*UTF8*$!
{
	archiveVersion = 1;
	classes = {
	};
	objectVersion = 55;
	objects = {

/* Begin PBXBuildFile section */
		2623BC7C27FBD86100AE0AD3 /* NSNotification+extensions.swift in Sources */ = {isa = PBXBuildFile; fileRef = 2623BC7B27FBD86100AE0AD3 /* NSNotification+extensions.swift */; };
		26350F6327F8EC46001CE8F6 /* LoadingView.swift in Sources */ = {isa = PBXBuildFile; fileRef = 26350F6227F8EC46001CE8F6 /* LoadingView.swift */; };
		26350F6527F8EC56001CE8F6 /* ErrorView.swift in Sources */ = {isa = PBXBuildFile; fileRef = 26350F6427F8EC56001CE8F6 /* ErrorView.swift */; };
		26350F6727F9066C001CE8F6 /* TriStateViewProtocol.swift in Sources */ = {isa = PBXBuildFile; fileRef = 26350F6627F9066C001CE8F6 /* TriStateViewProtocol.swift */; };
		26350F6B27F908E1001CE8F6 /* TriStateViewController.swift in Sources */ = {isa = PBXBuildFile; fileRef = 26350F6A27F908E1001CE8F6 /* TriStateViewController.swift */; };
		2643FB0727F69044008EA2C7 /* UIView+extensions.swift in Sources */ = {isa = PBXBuildFile; fileRef = 2643FB0627F69044008EA2C7 /* UIView+extensions.swift */; };
		266217F027F24A03008A8B48 /* AppDelegate.swift in Sources */ = {isa = PBXBuildFile; fileRef = 266217EF27F24A03008A8B48 /* AppDelegate.swift */; };
		266217F227F24A03008A8B48 /* SceneDelegate.swift in Sources */ = {isa = PBXBuildFile; fileRef = 266217F127F24A03008A8B48 /* SceneDelegate.swift */; };
		266217FA27F24A03008A8B48 /* GitStars.xcdatamodeld in Sources */ = {isa = PBXBuildFile; fileRef = 266217F827F24A03008A8B48 /* GitStars.xcdatamodeld */; };
		266217FC27F24A03008A8B48 /* Assets.xcassets in Resources */ = {isa = PBXBuildFile; fileRef = 266217FB27F24A03008A8B48 /* Assets.xcassets */; };
		266217FF27F24A03008A8B48 /* LaunchScreen.storyboard in Resources */ = {isa = PBXBuildFile; fileRef = 266217FD27F24A03008A8B48 /* LaunchScreen.storyboard */; };
		2662182A27F24C0A008A8B48 /* MainTabBarController.swift in Sources */ = {isa = PBXBuildFile; fileRef = 2662182927F24C0A008A8B48 /* MainTabBarController.swift */; };
		26AB8F0227F3BC99005F1275 /* ReusableTableViewCell.swift in Sources */ = {isa = PBXBuildFile; fileRef = 26AB8F0127F3BC99005F1275 /* ReusableTableViewCell.swift */; };
		26D3037427FA187700EC561C /* HomeViewController.swift in Sources */ = {isa = PBXBuildFile; fileRef = 26D3037327FA187700EC561C /* HomeViewController.swift */; };
		26D3037627FA318D00EC561C /* FavoritesViewModel.swift in Sources */ = {isa = PBXBuildFile; fileRef = 26D3037527FA318D00EC561C /* FavoritesViewModel.swift */; };
		26D3037827FA325400EC561C /* SearchRepoByIdService.swift in Sources */ = {isa = PBXBuildFile; fileRef = 26D3037727FA325400EC561C /* SearchRepoByIdService.swift */; };
		26D3037A27FA369100EC561C /* SearchRepoByIdServiceProtocol.swift in Sources */ = {isa = PBXBuildFile; fileRef = 26D3037927FA369100EC561C /* SearchRepoByIdServiceProtocol.swift */; };
		26D3037C27FA41C700EC561C /* SearchRepoCoreDataService.swift in Sources */ = {isa = PBXBuildFile; fileRef = 26D3037B27FA41C700EC561C /* SearchRepoCoreDataService.swift */; };
		26D3037E27FA422A00EC561C /* SearchRepoCoreDataServiceProtocol.swift in Sources */ = {isa = PBXBuildFile; fileRef = 26D3037D27FA422A00EC561C /* SearchRepoCoreDataServiceProtocol.swift */; };
		26D3038027FA47B100EC561C /* FavoriteManagerDelegate.swift in Sources */ = {isa = PBXBuildFile; fileRef = 26D3037F27FA47B100EC561C /* FavoriteManagerDelegate.swift */; };
		47203682C2026FA89E38163F /* Pods_GitStars_GitStarsUITests.framework in Frameworks */ = {isa = PBXBuildFile; fileRef = F37EAE0FE68D0D9D0BA4898A /* Pods_GitStars_GitStarsUITests.framework */; };
		4CF2C22327F3A6F800ABB8E7 /* License.swift in Sources */ = {isa = PBXBuildFile; fileRef = 4CF2C22227F3A6F800ABB8E7 /* License.swift */; };
		4CF2C22527F3A81F00ABB8E7 /* GitResponse.swift in Sources */ = {isa = PBXBuildFile; fileRef = 4CF2C22427F3A81F00ABB8E7 /* GitResponse.swift */; };
		4CF2C22727F3A8CB00ABB8E7 /* Repo.swift in Sources */ = {isa = PBXBuildFile; fileRef = 4CF2C22627F3A8CB00ABB8E7 /* Repo.swift */; };
		4CF2C22927F3A90000ABB8E7 /* Author.swift in Sources */ = {isa = PBXBuildFile; fileRef = 4CF2C22827F3A90000ABB8E7 /* Author.swift */; };
		4CF2C22C27F4BC6E00ABB8E7 /* DataSource.swift in Sources */ = {isa = PBXBuildFile; fileRef = 4CF2C22B27F4BC6E00ABB8E7 /* DataSource.swift */; };
		519F2EAB27F4F8FF00CE7717 /* CoreData.framework in Frameworks */ = {isa = PBXBuildFile; fileRef = 519F2EAA27F4F8FF00CE7717 /* CoreData.framework */; };
		519F2EB027F5180300CE7717 /* Repository.swift in Sources */ = {isa = PBXBuildFile; fileRef = 519F2EAF27F5180300CE7717 /* Repository.swift */; };
		519F2EB227F518D100CE7717 /* ManagedObjectContext.swift in Sources */ = {isa = PBXBuildFile; fileRef = 519F2EB127F518D100CE7717 /* ManagedObjectContext.swift */; };
		7F1C142B830F0C66C5FF11DD /* Pods_GitStars.framework in Frameworks */ = {isa = PBXBuildFile; fileRef = F575545A94BFE9CA0E0E5337 /* Pods_GitStars.framework */; };
		844DA4D10EF377D9764429C2 /* Pods_GitStarsTests.framework in Frameworks */ = {isa = PBXBuildFile; fileRef = 67A8837409B7113B77A2E327 /* Pods_GitStarsTests.framework */; };
		F808F60927F74E9100C44D28 /* URLRequestProtocol.swift in Sources */ = {isa = PBXBuildFile; fileRef = F808F60827F74E9100C44D28 /* URLRequestProtocol.swift */; };
		F808F60B27F74EA200C44D28 /* HTTPMethod.swift in Sources */ = {isa = PBXBuildFile; fileRef = F808F60A27F74EA200C44D28 /* HTTPMethod.swift */; };
		F808F60D27F74EB800C44D28 /* HomeRequest.swift in Sources */ = {isa = PBXBuildFile; fileRef = F808F60C27F74EB800C44D28 /* HomeRequest.swift */; };
		F808F61027F755A900C44D28 /* Constants.swift in Sources */ = {isa = PBXBuildFile; fileRef = F808F60F27F755A900C44D28 /* Constants.swift */; };
		F808F61227F755B900C44D28 /* Environment.swift in Sources */ = {isa = PBXBuildFile; fileRef = F808F61127F755B900C44D28 /* Environment.swift */; };
		F808F61427F7572B00C44D28 /* SearchRepoServiceProtocol.swift in Sources */ = {isa = PBXBuildFile; fileRef = F808F61327F7572A00C44D28 /* SearchRepoServiceProtocol.swift */; };
		F808F61627F7578400C44D28 /* SearchRepoService.swift in Sources */ = {isa = PBXBuildFile; fileRef = F808F61527F7578400C44D28 /* SearchRepoService.swift */; };
		F808F61F27F75F8B00C44D28 /* HomeViewModel.swift in Sources */ = {isa = PBXBuildFile; fileRef = F808F61E27F75F8B00C44D28 /* HomeViewModel.swift */; };
		F808F62127F75F9600C44D28 /* RepoManagerDelegate.swift in Sources */ = {isa = PBXBuildFile; fileRef = F808F62027F75F9600C44D28 /* RepoManagerDelegate.swift */; };
		F808F62327F7655300C44D28 /* UserGetServiceProtocol.swift in Sources */ = {isa = PBXBuildFile; fileRef = F808F62227F7655300C44D28 /* UserGetServiceProtocol.swift */; };
		F808F62527F7656000C44D28 /* UserGetService.swift in Sources */ = {isa = PBXBuildFile; fileRef = F808F62427F7656000C44D28 /* UserGetService.swift */; };
		F83DFEAE27FB2C6700875FB1 /* RepositoryDetailsManagerDelegate.swift in Sources */ = {isa = PBXBuildFile; fileRef = F83DFEAD27FB2C6700875FB1 /* RepositoryDetailsManagerDelegate.swift */; };
		F83DFEB027FB2C7000875FB1 /* RepositoryDetailsViewModel.swift in Sources */ = {isa = PBXBuildFile; fileRef = F83DFEAF27FB2C7000875FB1 /* RepositoryDetailsViewModel.swift */; };
		F83DFEB227FB59C500875FB1 /* Dev.swift in Sources */ = {isa = PBXBuildFile; fileRef = F83DFEB127FB59C500875FB1 /* Dev.swift */; };
		F844159A27F9EF8100EF84AA /* FavoritesViewController.swift in Sources */ = {isa = PBXBuildFile; fileRef = F844159927F9EF8100EF84AA /* FavoritesViewController.swift */; };
		F844159C27F9EF8800EF84AA /* TeamViewController.swift in Sources */ = {isa = PBXBuildFile; fileRef = F844159B27F9EF8800EF84AA /* TeamViewController.swift */; };
		F844159F27FA4FFC00EF84AA /* RepositoryDetailsViewController.swift in Sources */ = {isa = PBXBuildFile; fileRef = F844159E27FA4FFC00EF84AA /* RepositoryDetailsViewController.swift */; };
		F84415A227FA508900EF84AA /* TeamDetailsViewController.swift in Sources */ = {isa = PBXBuildFile; fileRef = F84415A127FA508900EF84AA /* TeamDetailsViewController.swift */; };
/* End PBXBuildFile section */

/* Begin PBXContainerItemProxy section */
		2662180627F24A04008A8B48 /* PBXContainerItemProxy */ = {
			isa = PBXContainerItemProxy;
			containerPortal = 266217E427F24A03008A8B48 /* Project object */;
			proxyType = 1;
			remoteGlobalIDString = 266217EB27F24A03008A8B48;
			remoteInfo = GitStars;
		};
		2662181027F24A04008A8B48 /* PBXContainerItemProxy */ = {
			isa = PBXContainerItemProxy;
			containerPortal = 266217E427F24A03008A8B48 /* Project object */;
			proxyType = 1;
			remoteGlobalIDString = 266217EB27F24A03008A8B48;
			remoteInfo = GitStars;
		};
/* End PBXContainerItemProxy section */

/* Begin PBXFileReference section */
		1EF63981DA6F25329E475CA2 /* Pods-GitStars.debug.xcconfig */ = {isa = PBXFileReference; includeInIndex = 1; lastKnownFileType = text.xcconfig; name = "Pods-GitStars.debug.xcconfig"; path = "Target Support Files/Pods-GitStars/Pods-GitStars.debug.xcconfig"; sourceTree = "<group>"; };
		2623BC7B27FBD86100AE0AD3 /* NSNotification+extensions.swift */ = {isa = PBXFileReference; lastKnownFileType = sourcecode.swift; path = "NSNotification+extensions.swift"; sourceTree = "<group>"; };
		26350F6227F8EC46001CE8F6 /* LoadingView.swift */ = {isa = PBXFileReference; lastKnownFileType = sourcecode.swift; path = LoadingView.swift; sourceTree = "<group>"; };
		26350F6427F8EC56001CE8F6 /* ErrorView.swift */ = {isa = PBXFileReference; lastKnownFileType = sourcecode.swift; path = ErrorView.swift; sourceTree = "<group>"; };
		26350F6627F9066C001CE8F6 /* TriStateViewProtocol.swift */ = {isa = PBXFileReference; lastKnownFileType = sourcecode.swift; path = TriStateViewProtocol.swift; sourceTree = "<group>"; };
		26350F6A27F908E1001CE8F6 /* TriStateViewController.swift */ = {isa = PBXFileReference; lastKnownFileType = sourcecode.swift; path = TriStateViewController.swift; sourceTree = "<group>"; };
		2643FB0627F69044008EA2C7 /* UIView+extensions.swift */ = {isa = PBXFileReference; lastKnownFileType = sourcecode.swift; path = "UIView+extensions.swift"; sourceTree = "<group>"; };
		266217EC27F24A03008A8B48 /* GitStars.app */ = {isa = PBXFileReference; explicitFileType = wrapper.application; includeInIndex = 0; path = GitStars.app; sourceTree = BUILT_PRODUCTS_DIR; };
		266217EF27F24A03008A8B48 /* AppDelegate.swift */ = {isa = PBXFileReference; lastKnownFileType = sourcecode.swift; path = AppDelegate.swift; sourceTree = "<group>"; };
		266217F127F24A03008A8B48 /* SceneDelegate.swift */ = {isa = PBXFileReference; lastKnownFileType = sourcecode.swift; path = SceneDelegate.swift; sourceTree = "<group>"; };
		266217F927F24A03008A8B48 /* GitStars.xcdatamodel */ = {isa = PBXFileReference; lastKnownFileType = wrapper.xcdatamodel; path = GitStars.xcdatamodel; sourceTree = "<group>"; };
		266217FB27F24A03008A8B48 /* Assets.xcassets */ = {isa = PBXFileReference; lastKnownFileType = folder.assetcatalog; path = Assets.xcassets; sourceTree = "<group>"; };
		266217FE27F24A03008A8B48 /* Base */ = {isa = PBXFileReference; lastKnownFileType = file.storyboard; name = Base; path = Base.lproj/LaunchScreen.storyboard; sourceTree = "<group>"; };
		2662180027F24A03008A8B48 /* Info.plist */ = {isa = PBXFileReference; lastKnownFileType = text.plist.xml; path = Info.plist; sourceTree = "<group>"; };
		2662180527F24A04008A8B48 /* GitStarsTests.xctest */ = {isa = PBXFileReference; explicitFileType = wrapper.cfbundle; includeInIndex = 0; path = GitStarsTests.xctest; sourceTree = BUILT_PRODUCTS_DIR; };
		2662180F27F24A04008A8B48 /* GitStarsUITests.xctest */ = {isa = PBXFileReference; explicitFileType = wrapper.cfbundle; includeInIndex = 0; path = GitStarsUITests.xctest; sourceTree = BUILT_PRODUCTS_DIR; };
		2662182927F24C0A008A8B48 /* MainTabBarController.swift */ = {isa = PBXFileReference; lastKnownFileType = sourcecode.swift; path = MainTabBarController.swift; sourceTree = "<group>"; };
		26AB8F0127F3BC99005F1275 /* ReusableTableViewCell.swift */ = {isa = PBXFileReference; lastKnownFileType = sourcecode.swift; path = ReusableTableViewCell.swift; sourceTree = "<group>"; };
		26D3037327FA187700EC561C /* HomeViewController.swift */ = {isa = PBXFileReference; fileEncoding = 4; lastKnownFileType = sourcecode.swift; path = HomeViewController.swift; sourceTree = "<group>"; };
		26D3037527FA318D00EC561C /* FavoritesViewModel.swift */ = {isa = PBXFileReference; lastKnownFileType = sourcecode.swift; path = FavoritesViewModel.swift; sourceTree = "<group>"; };
		26D3037727FA325400EC561C /* SearchRepoByIdService.swift */ = {isa = PBXFileReference; lastKnownFileType = sourcecode.swift; path = SearchRepoByIdService.swift; sourceTree = "<group>"; };
		26D3037927FA369100EC561C /* SearchRepoByIdServiceProtocol.swift */ = {isa = PBXFileReference; lastKnownFileType = sourcecode.swift; path = SearchRepoByIdServiceProtocol.swift; sourceTree = "<group>"; };
		26D3037B27FA41C700EC561C /* SearchRepoCoreDataService.swift */ = {isa = PBXFileReference; lastKnownFileType = sourcecode.swift; path = SearchRepoCoreDataService.swift; sourceTree = "<group>"; };
		26D3037D27FA422A00EC561C /* SearchRepoCoreDataServiceProtocol.swift */ = {isa = PBXFileReference; lastKnownFileType = sourcecode.swift; path = SearchRepoCoreDataServiceProtocol.swift; sourceTree = "<group>"; };
		26D3037F27FA47B100EC561C /* FavoriteManagerDelegate.swift */ = {isa = PBXFileReference; lastKnownFileType = sourcecode.swift; path = FavoriteManagerDelegate.swift; sourceTree = "<group>"; };
		3F906B11707FF9D02826ABC2 /* Pods-GitStarsTests.debug.xcconfig */ = {isa = PBXFileReference; includeInIndex = 1; lastKnownFileType = text.xcconfig; name = "Pods-GitStarsTests.debug.xcconfig"; path = "Target Support Files/Pods-GitStarsTests/Pods-GitStarsTests.debug.xcconfig"; sourceTree = "<group>"; };
		4CF2C22227F3A6F800ABB8E7 /* License.swift */ = {isa = PBXFileReference; lastKnownFileType = sourcecode.swift; path = License.swift; sourceTree = "<group>"; };
		4CF2C22427F3A81F00ABB8E7 /* GitResponse.swift */ = {isa = PBXFileReference; lastKnownFileType = sourcecode.swift; path = GitResponse.swift; sourceTree = "<group>"; };
		4CF2C22627F3A8CB00ABB8E7 /* Repo.swift */ = {isa = PBXFileReference; lastKnownFileType = sourcecode.swift; path = Repo.swift; sourceTree = "<group>"; };
		4CF2C22827F3A90000ABB8E7 /* Author.swift */ = {isa = PBXFileReference; lastKnownFileType = sourcecode.swift; path = Author.swift; sourceTree = "<group>"; };
		4CF2C22B27F4BC6E00ABB8E7 /* DataSource.swift */ = {isa = PBXFileReference; lastKnownFileType = sourcecode.swift; path = DataSource.swift; sourceTree = "<group>"; };
		519F2EAA27F4F8FF00CE7717 /* CoreData.framework */ = {isa = PBXFileReference; lastKnownFileType = wrapper.framework; name = CoreData.framework; path = System/Library/Frameworks/CoreData.framework; sourceTree = SDKROOT; };
		519F2EAF27F5180300CE7717 /* Repository.swift */ = {isa = PBXFileReference; lastKnownFileType = sourcecode.swift; path = Repository.swift; sourceTree = "<group>"; };
		519F2EB127F518D100CE7717 /* ManagedObjectContext.swift */ = {isa = PBXFileReference; lastKnownFileType = sourcecode.swift; path = ManagedObjectContext.swift; sourceTree = "<group>"; };
		67A8837409B7113B77A2E327 /* Pods_GitStarsTests.framework */ = {isa = PBXFileReference; explicitFileType = wrapper.framework; includeInIndex = 0; path = Pods_GitStarsTests.framework; sourceTree = BUILT_PRODUCTS_DIR; };
		759F64BC7E3CD990AB91EB4E /* Pods-GitStars-GitStarsUITests.debug.xcconfig */ = {isa = PBXFileReference; includeInIndex = 1; lastKnownFileType = text.xcconfig; name = "Pods-GitStars-GitStarsUITests.debug.xcconfig"; path = "Target Support Files/Pods-GitStars-GitStarsUITests/Pods-GitStars-GitStarsUITests.debug.xcconfig"; sourceTree = "<group>"; };
		99F732B523CC64054F09F18E /* Pods-GitStars-GitStarsUITests.release.xcconfig */ = {isa = PBXFileReference; includeInIndex = 1; lastKnownFileType = text.xcconfig; name = "Pods-GitStars-GitStarsUITests.release.xcconfig"; path = "Target Support Files/Pods-GitStars-GitStarsUITests/Pods-GitStars-GitStarsUITests.release.xcconfig"; sourceTree = "<group>"; };
		9D45313FAC2474EED9E7298B /* Pods-GitStars.release.xcconfig */ = {isa = PBXFileReference; includeInIndex = 1; lastKnownFileType = text.xcconfig; name = "Pods-GitStars.release.xcconfig"; path = "Target Support Files/Pods-GitStars/Pods-GitStars.release.xcconfig"; sourceTree = "<group>"; };
		A0ECDBDD9BE2CC5F0338C5AF /* Pods-GitStarsTests.release.xcconfig */ = {isa = PBXFileReference; includeInIndex = 1; lastKnownFileType = text.xcconfig; name = "Pods-GitStarsTests.release.xcconfig"; path = "Target Support Files/Pods-GitStarsTests/Pods-GitStarsTests.release.xcconfig"; sourceTree = "<group>"; };
		F37EAE0FE68D0D9D0BA4898A /* Pods_GitStars_GitStarsUITests.framework */ = {isa = PBXFileReference; explicitFileType = wrapper.framework; includeInIndex = 0; path = Pods_GitStars_GitStarsUITests.framework; sourceTree = BUILT_PRODUCTS_DIR; };
		F575545A94BFE9CA0E0E5337 /* Pods_GitStars.framework */ = {isa = PBXFileReference; explicitFileType = wrapper.framework; includeInIndex = 0; path = Pods_GitStars.framework; sourceTree = BUILT_PRODUCTS_DIR; };
		F808F60827F74E9100C44D28 /* URLRequestProtocol.swift */ = {isa = PBXFileReference; lastKnownFileType = sourcecode.swift; path = URLRequestProtocol.swift; sourceTree = "<group>"; };
		F808F60A27F74EA200C44D28 /* HTTPMethod.swift */ = {isa = PBXFileReference; lastKnownFileType = sourcecode.swift; path = HTTPMethod.swift; sourceTree = "<group>"; };
		F808F60C27F74EB800C44D28 /* HomeRequest.swift */ = {isa = PBXFileReference; lastKnownFileType = sourcecode.swift; path = HomeRequest.swift; sourceTree = "<group>"; };
		F808F60F27F755A900C44D28 /* Constants.swift */ = {isa = PBXFileReference; lastKnownFileType = sourcecode.swift; path = Constants.swift; sourceTree = "<group>"; };
		F808F61127F755B900C44D28 /* Environment.swift */ = {isa = PBXFileReference; lastKnownFileType = sourcecode.swift; path = Environment.swift; sourceTree = "<group>"; };
		F808F61327F7572A00C44D28 /* SearchRepoServiceProtocol.swift */ = {isa = PBXFileReference; lastKnownFileType = sourcecode.swift; path = SearchRepoServiceProtocol.swift; sourceTree = "<group>"; };
		F808F61527F7578400C44D28 /* SearchRepoService.swift */ = {isa = PBXFileReference; lastKnownFileType = sourcecode.swift; path = SearchRepoService.swift; sourceTree = "<group>"; };
		F808F61E27F75F8B00C44D28 /* HomeViewModel.swift */ = {isa = PBXFileReference; lastKnownFileType = sourcecode.swift; path = HomeViewModel.swift; sourceTree = "<group>"; };
		F808F62027F75F9600C44D28 /* RepoManagerDelegate.swift */ = {isa = PBXFileReference; lastKnownFileType = sourcecode.swift; path = RepoManagerDelegate.swift; sourceTree = "<group>"; };
		F808F62227F7655300C44D28 /* UserGetServiceProtocol.swift */ = {isa = PBXFileReference; lastKnownFileType = sourcecode.swift; path = UserGetServiceProtocol.swift; sourceTree = "<group>"; };
		F808F62427F7656000C44D28 /* UserGetService.swift */ = {isa = PBXFileReference; lastKnownFileType = sourcecode.swift; path = UserGetService.swift; sourceTree = "<group>"; };
		F83DFEAD27FB2C6700875FB1 /* RepositoryDetailsManagerDelegate.swift */ = {isa = PBXFileReference; lastKnownFileType = sourcecode.swift; path = RepositoryDetailsManagerDelegate.swift; sourceTree = "<group>"; };
		F83DFEAF27FB2C7000875FB1 /* RepositoryDetailsViewModel.swift */ = {isa = PBXFileReference; lastKnownFileType = sourcecode.swift; path = RepositoryDetailsViewModel.swift; sourceTree = "<group>"; };
		F83DFEB127FB59C500875FB1 /* Dev.swift */ = {isa = PBXFileReference; lastKnownFileType = sourcecode.swift; path = Dev.swift; sourceTree = "<group>"; };
		F844159927F9EF8100EF84AA /* FavoritesViewController.swift */ = {isa = PBXFileReference; fileEncoding = 4; lastKnownFileType = sourcecode.swift; path = FavoritesViewController.swift; sourceTree = "<group>"; };
		F844159B27F9EF8800EF84AA /* TeamViewController.swift */ = {isa = PBXFileReference; fileEncoding = 4; lastKnownFileType = sourcecode.swift; path = TeamViewController.swift; sourceTree = "<group>"; };
		F844159E27FA4FFC00EF84AA /* RepositoryDetailsViewController.swift */ = {isa = PBXFileReference; lastKnownFileType = sourcecode.swift; path = RepositoryDetailsViewController.swift; sourceTree = "<group>"; };
		F84415A127FA508900EF84AA /* TeamDetailsViewController.swift */ = {isa = PBXFileReference; lastKnownFileType = sourcecode.swift; path = TeamDetailsViewController.swift; sourceTree = "<group>"; };
/* End PBXFileReference section */

/* Begin PBXFrameworksBuildPhase section */
		266217E927F24A03008A8B48 /* Frameworks */ = {
			isa = PBXFrameworksBuildPhase;
			buildActionMask = 2147483647;
			files = (
				519F2EAB27F4F8FF00CE7717 /* CoreData.framework in Frameworks */,
				7F1C142B830F0C66C5FF11DD /* Pods_GitStars.framework in Frameworks */,
			);
			runOnlyForDeploymentPostprocessing = 0;
		};
		2662180227F24A04008A8B48 /* Frameworks */ = {
			isa = PBXFrameworksBuildPhase;
			buildActionMask = 2147483647;
			files = (
				844DA4D10EF377D9764429C2 /* Pods_GitStarsTests.framework in Frameworks */,
			);
			runOnlyForDeploymentPostprocessing = 0;
		};
		2662180C27F24A04008A8B48 /* Frameworks */ = {
			isa = PBXFrameworksBuildPhase;
			buildActionMask = 2147483647;
			files = (
				47203682C2026FA89E38163F /* Pods_GitStars_GitStarsUITests.framework in Frameworks */,
			);
			runOnlyForDeploymentPostprocessing = 0;
		};
/* End PBXFrameworksBuildPhase section */

/* Begin PBXGroup section */
		2643FB0227F68EF2008EA2C7 /* Extensions */ = {
			isa = PBXGroup;
			children = (
				2643FB0627F69044008EA2C7 /* UIView+extensions.swift */,
				2623BC7B27FBD86100AE0AD3 /* NSNotification+extensions.swift */,
			);
			path = Extensions;
			sourceTree = "<group>";
		};
		2643FB0327F68EFE008EA2C7 /* Util */ = {
			isa = PBXGroup;
			children = (
			);
			path = Util;
			sourceTree = "<group>";
		};
		266217E327F24A03008A8B48 = {
			isa = PBXGroup;
			children = (
				266217EE27F24A03008A8B48 /* GitStars */,
				266217ED27F24A03008A8B48 /* Products */,
				519F2EA927F4F8FF00CE7717 /* Frameworks */,
				9B1AAF32884EE472AE5282E8 /* Pods */,
			);
			sourceTree = "<group>";
		};
		266217ED27F24A03008A8B48 /* Products */ = {
			isa = PBXGroup;
			children = (
				266217EC27F24A03008A8B48 /* GitStars.app */,
				2662180527F24A04008A8B48 /* GitStarsTests.xctest */,
				2662180F27F24A04008A8B48 /* GitStarsUITests.xctest */,
			);
			name = Products;
			sourceTree = "<group>";
		};
		266217EE27F24A03008A8B48 /* GitStars */ = {
			isa = PBXGroup;
			children = (
				2643FB0327F68EFE008EA2C7 /* Util */,
				2643FB0227F68EF2008EA2C7 /* Extensions */,
				F808F61727F75EEB00C44D28 /* Scenes */,
				F808F60E27F7559500C44D28 /* Commons */,
				F808F60527F74E6F00C44D28 /* Network */,
				519F2EAE27F5179A00CE7717 /* Model */,
				4CF2C22A27F3EBB200ABB8E7 /* Mock */,
				26AB8F0027F3BC50005F1275 /* Components */,
				2662182327F24AB3008A8B48 /* Application */,
				2662182227F24AA5008A8B48 /* Resources */,
				266217F827F24A03008A8B48 /* GitStars.xcdatamodeld */,
				2662182927F24C0A008A8B48 /* MainTabBarController.swift */,
				26350F6227F8EC46001CE8F6 /* LoadingView.swift */,
				26350F6427F8EC56001CE8F6 /* ErrorView.swift */,
				26350F6627F9066C001CE8F6 /* TriStateViewProtocol.swift */,
				26350F6A27F908E1001CE8F6 /* TriStateViewController.swift */,
			);
			path = GitStars;
			sourceTree = "<group>";
		};
		2662182227F24AA5008A8B48 /* Resources */ = {
			isa = PBXGroup;
			children = (
				266217FB27F24A03008A8B48 /* Assets.xcassets */,
			);
			path = Resources;
			sourceTree = "<group>";
		};
		2662182327F24AB3008A8B48 /* Application */ = {
			isa = PBXGroup;
			children = (
				266217EF27F24A03008A8B48 /* AppDelegate.swift */,
				266217F127F24A03008A8B48 /* SceneDelegate.swift */,
				266217FD27F24A03008A8B48 /* LaunchScreen.storyboard */,
				2662180027F24A03008A8B48 /* Info.plist */,
				F808F61127F755B900C44D28 /* Environment.swift */,
			);
			path = Application;
			sourceTree = "<group>";
		};
		26AB8F0027F3BC50005F1275 /* Components */ = {
			isa = PBXGroup;
			children = (
				26AB8F0127F3BC99005F1275 /* ReusableTableViewCell.swift */,
			);
			path = Components;
			sourceTree = "<group>";
		};
		4CF2C22A27F3EBB200ABB8E7 /* Mock */ = {
			isa = PBXGroup;
			children = (
				4CF2C22B27F4BC6E00ABB8E7 /* DataSource.swift */,
			);
			path = Mock;
			sourceTree = "<group>";
		};
		519F2EA927F4F8FF00CE7717 /* Frameworks */ = {
			isa = PBXGroup;
			children = (
				519F2EAA27F4F8FF00CE7717 /* CoreData.framework */,
				F575545A94BFE9CA0E0E5337 /* Pods_GitStars.framework */,
				F37EAE0FE68D0D9D0BA4898A /* Pods_GitStars_GitStarsUITests.framework */,
				67A8837409B7113B77A2E327 /* Pods_GitStarsTests.framework */,
			);
			name = Frameworks;
			sourceTree = "<group>";
		};
		519F2EAE27F5179A00CE7717 /* Model */ = {
			isa = PBXGroup;
			children = (
				4CF2C22227F3A6F800ABB8E7 /* License.swift */,
				4CF2C22427F3A81F00ABB8E7 /* GitResponse.swift */,
				4CF2C22627F3A8CB00ABB8E7 /* Repo.swift */,
				4CF2C22827F3A90000ABB8E7 /* Author.swift */,
				519F2EAF27F5180300CE7717 /* Repository.swift */,
				519F2EB127F518D100CE7717 /* ManagedObjectContext.swift */,
				F83DFEB127FB59C500875FB1 /* Dev.swift */,
			);
			path = Model;
			sourceTree = "<group>";
		};
		9B1AAF32884EE472AE5282E8 /* Pods */ = {
			isa = PBXGroup;
			children = (
				1EF63981DA6F25329E475CA2 /* Pods-GitStars.debug.xcconfig */,
				9D45313FAC2474EED9E7298B /* Pods-GitStars.release.xcconfig */,
				759F64BC7E3CD990AB91EB4E /* Pods-GitStars-GitStarsUITests.debug.xcconfig */,
				99F732B523CC64054F09F18E /* Pods-GitStars-GitStarsUITests.release.xcconfig */,
				3F906B11707FF9D02826ABC2 /* Pods-GitStarsTests.debug.xcconfig */,
				A0ECDBDD9BE2CC5F0338C5AF /* Pods-GitStarsTests.release.xcconfig */,
			);
			path = Pods;
			sourceTree = "<group>";
		};
		F808F60527F74E6F00C44D28 /* Network */ = {
			isa = PBXGroup;
			children = (
				F808F60627F74E7C00C44D28 /* Services */,
			);
			path = Network;
			sourceTree = "<group>";
		};
		F808F60627F74E7C00C44D28 /* Services */ = {
			isa = PBXGroup;
			children = (
				F808F60727F74E8000C44D28 /* Request */,
				F808F61527F7578400C44D28 /* SearchRepoService.swift */,
				F808F61327F7572A00C44D28 /* SearchRepoServiceProtocol.swift */,
				26D3037D27FA422A00EC561C /* SearchRepoCoreDataServiceProtocol.swift */,
				26D3037B27FA41C700EC561C /* SearchRepoCoreDataService.swift */,
				26D3037727FA325400EC561C /* SearchRepoByIdService.swift */,
				26D3037927FA369100EC561C /* SearchRepoByIdServiceProtocol.swift */,
				F808F62227F7655300C44D28 /* UserGetServiceProtocol.swift */,
				F808F62427F7656000C44D28 /* UserGetService.swift */,
			);
			path = Services;
			sourceTree = "<group>";
		};
		F808F60727F74E8000C44D28 /* Request */ = {
			isa = PBXGroup;
			children = (
				F808F60827F74E9100C44D28 /* URLRequestProtocol.swift */,
				F808F60A27F74EA200C44D28 /* HTTPMethod.swift */,
				F808F60C27F74EB800C44D28 /* HomeRequest.swift */,
			);
			path = Request;
			sourceTree = "<group>";
		};
		F808F60E27F7559500C44D28 /* Commons */ = {
			isa = PBXGroup;
			children = (
				F808F60F27F755A900C44D28 /* Constants.swift */,
			);
			path = Commons;
			sourceTree = "<group>";
		};
		F808F61727F75EEB00C44D28 /* Scenes */ = {
			isa = PBXGroup;
			children = (
				F84415A027FA507C00EF84AA /* TeamDetails */,
				F844159D27FA4FE900EF84AA /* RepositoryDetails */,
				F808F61A27F75EFC00C44D28 /* Team */,
				F808F61927F75EF400C44D28 /* Favorites */,
				F808F61827F75EF000C44D28 /* Home */,
			);
			path = Scenes;
			sourceTree = "<group>";
		};
		F808F61827F75EF000C44D28 /* Home */ = {
			isa = PBXGroup;
			children = (
				26D3037327FA187700EC561C /* HomeViewController.swift */,
				F808F62027F75F9600C44D28 /* RepoManagerDelegate.swift */,
				F808F61E27F75F8B00C44D28 /* HomeViewModel.swift */,
			);
			path = Home;
			sourceTree = "<group>";
		};
		F808F61927F75EF400C44D28 /* Favorites */ = {
			isa = PBXGroup;
			children = (
				F844159927F9EF8100EF84AA /* FavoritesViewController.swift */,
				26D3037F27FA47B100EC561C /* FavoriteManagerDelegate.swift */,
				26D3037527FA318D00EC561C /* FavoritesViewModel.swift */,
			);
			path = Favorites;
			sourceTree = "<group>";
		};
		F808F61A27F75EFC00C44D28 /* Team */ = {
			isa = PBXGroup;
			children = (
				F844159B27F9EF8800EF84AA /* TeamViewController.swift */,
			);
			path = Team;
			sourceTree = "<group>";
		};
		F844159D27FA4FE900EF84AA /* RepositoryDetails */ = {
			isa = PBXGroup;
			children = (
				F844159E27FA4FFC00EF84AA /* RepositoryDetailsViewController.swift */,
				F83DFEAD27FB2C6700875FB1 /* RepositoryDetailsManagerDelegate.swift */,
				F83DFEAF27FB2C7000875FB1 /* RepositoryDetailsViewModel.swift */,
			);
			path = RepositoryDetails;
			sourceTree = "<group>";
		};
		F84415A027FA507C00EF84AA /* TeamDetails */ = {
			isa = PBXGroup;
			children = (
				F84415A127FA508900EF84AA /* TeamDetailsViewController.swift */,
			);
			path = TeamDetails;
			sourceTree = "<group>";
		};
/* End PBXGroup section */

/* Begin PBXNativeTarget section */
		266217EB27F24A03008A8B48 /* GitStars */ = {
			isa = PBXNativeTarget;
			buildConfigurationList = 2662181927F24A04008A8B48 /* Build configuration list for PBXNativeTarget "GitStars" */;
			buildPhases = (
				F2FEDEC33377B431A33DC475 /* [CP] Check Pods Manifest.lock */,
				266217E827F24A03008A8B48 /* Sources */,
				266217E927F24A03008A8B48 /* Frameworks */,
				266217EA27F24A03008A8B48 /* Resources */,
				03F1B2D7E2206C805CCD88EB /* [CP] Embed Pods Frameworks */,
			);
			buildRules = (
			);
			dependencies = (
			);
			name = GitStars;
			productName = GitStars;
			productReference = 266217EC27F24A03008A8B48 /* GitStars.app */;
			productType = "com.apple.product-type.application";
		};
		2662180427F24A04008A8B48 /* GitStarsTests */ = {
			isa = PBXNativeTarget;
			buildConfigurationList = 2662181C27F24A04008A8B48 /* Build configuration list for PBXNativeTarget "GitStarsTests" */;
			buildPhases = (
				6B5E99D55245087514BC2CDB /* [CP] Check Pods Manifest.lock */,
				2662180127F24A04008A8B48 /* Sources */,
				2662180227F24A04008A8B48 /* Frameworks */,
				2662180327F24A04008A8B48 /* Resources */,
			);
			buildRules = (
			);
			dependencies = (
				2662180727F24A04008A8B48 /* PBXTargetDependency */,
			);
			name = GitStarsTests;
			productName = GitStarsTests;
			productReference = 2662180527F24A04008A8B48 /* GitStarsTests.xctest */;
			productType = "com.apple.product-type.bundle.unit-test";
		};
		2662180E27F24A04008A8B48 /* GitStarsUITests */ = {
			isa = PBXNativeTarget;
			buildConfigurationList = 2662181F27F24A04008A8B48 /* Build configuration list for PBXNativeTarget "GitStarsUITests" */;
			buildPhases = (
				A9975574DCEBCBFDA9D76561 /* [CP] Check Pods Manifest.lock */,
				2662180B27F24A04008A8B48 /* Sources */,
				2662180C27F24A04008A8B48 /* Frameworks */,
				2662180D27F24A04008A8B48 /* Resources */,
				EA27AA74C8A00BC449B1270D /* [CP] Embed Pods Frameworks */,
			);
			buildRules = (
			);
			dependencies = (
				2662181127F24A04008A8B48 /* PBXTargetDependency */,
			);
			name = GitStarsUITests;
			productName = GitStarsUITests;
			productReference = 2662180F27F24A04008A8B48 /* GitStarsUITests.xctest */;
			productType = "com.apple.product-type.bundle.ui-testing";
		};
/* End PBXNativeTarget section */

/* Begin PBXProject section */
		266217E427F24A03008A8B48 /* Project object */ = {
			isa = PBXProject;
			attributes = {
				BuildIndependentTargetsInParallel = 1;
				LastSwiftUpdateCheck = 1320;
				LastUpgradeCheck = 1320;
				TargetAttributes = {
					266217EB27F24A03008A8B48 = {
						CreatedOnToolsVersion = 13.2.1;
					};
					2662180427F24A04008A8B48 = {
						CreatedOnToolsVersion = 13.2.1;
						TestTargetID = 266217EB27F24A03008A8B48;
					};
					2662180E27F24A04008A8B48 = {
						CreatedOnToolsVersion = 13.2.1;
						TestTargetID = 266217EB27F24A03008A8B48;
					};
				};
			};
			buildConfigurationList = 266217E727F24A03008A8B48 /* Build configuration list for PBXProject "GitStars" */;
			compatibilityVersion = "Xcode 13.0";
			developmentRegion = en;
			hasScannedForEncodings = 0;
			knownRegions = (
				en,
				Base,
			);
			mainGroup = 266217E327F24A03008A8B48;
			productRefGroup = 266217ED27F24A03008A8B48 /* Products */;
			projectDirPath = "";
			projectRoot = "";
			targets = (
				266217EB27F24A03008A8B48 /* GitStars */,
				2662180427F24A04008A8B48 /* GitStarsTests */,
				2662180E27F24A04008A8B48 /* GitStarsUITests */,
			);
		};
/* End PBXProject section */

/* Begin PBXResourcesBuildPhase section */
		266217EA27F24A03008A8B48 /* Resources */ = {
			isa = PBXResourcesBuildPhase;
			buildActionMask = 2147483647;
			files = (
				266217FF27F24A03008A8B48 /* LaunchScreen.storyboard in Resources */,
				266217FC27F24A03008A8B48 /* Assets.xcassets in Resources */,
			);
			runOnlyForDeploymentPostprocessing = 0;
		};
		2662180327F24A04008A8B48 /* Resources */ = {
			isa = PBXResourcesBuildPhase;
			buildActionMask = 2147483647;
			files = (
			);
			runOnlyForDeploymentPostprocessing = 0;
		};
		2662180D27F24A04008A8B48 /* Resources */ = {
			isa = PBXResourcesBuildPhase;
			buildActionMask = 2147483647;
			files = (
			);
			runOnlyForDeploymentPostprocessing = 0;
		};
/* End PBXResourcesBuildPhase section */

/* Begin PBXShellScriptBuildPhase section */
		03F1B2D7E2206C805CCD88EB /* [CP] Embed Pods Frameworks */ = {
			isa = PBXShellScriptBuildPhase;
			buildActionMask = 2147483647;
			files = (
			);
			inputFileListPaths = (
				"${PODS_ROOT}/Target Support Files/Pods-GitStars/Pods-GitStars-frameworks-${CONFIGURATION}-input-files.xcfilelist",
			);
			name = "[CP] Embed Pods Frameworks";
			outputFileListPaths = (
				"${PODS_ROOT}/Target Support Files/Pods-GitStars/Pods-GitStars-frameworks-${CONFIGURATION}-output-files.xcfilelist",
			);
			runOnlyForDeploymentPostprocessing = 0;
			shellPath = /bin/sh;
			shellScript = "\"${PODS_ROOT}/Target Support Files/Pods-GitStars/Pods-GitStars-frameworks.sh\"\n";
			showEnvVarsInLog = 0;
		};
		6B5E99D55245087514BC2CDB /* [CP] Check Pods Manifest.lock */ = {
			isa = PBXShellScriptBuildPhase;
			buildActionMask = 2147483647;
			files = (
			);
			inputFileListPaths = (
			);
			inputPaths = (
				"${PODS_PODFILE_DIR_PATH}/Podfile.lock",
				"${PODS_ROOT}/Manifest.lock",
			);
			name = "[CP] Check Pods Manifest.lock";
			outputFileListPaths = (
			);
			outputPaths = (
				"$(DERIVED_FILE_DIR)/Pods-GitStarsTests-checkManifestLockResult.txt",
			);
			runOnlyForDeploymentPostprocessing = 0;
			shellPath = /bin/sh;
			shellScript = "diff \"${PODS_PODFILE_DIR_PATH}/Podfile.lock\" \"${PODS_ROOT}/Manifest.lock\" > /dev/null\nif [ $? != 0 ] ; then\n    # print error to STDERR\n    echo \"error: The sandbox is not in sync with the Podfile.lock. Run 'pod install' or update your CocoaPods installation.\" >&2\n    exit 1\nfi\n# This output is used by Xcode 'outputs' to avoid re-running this script phase.\necho \"SUCCESS\" > \"${SCRIPT_OUTPUT_FILE_0}\"\n";
			showEnvVarsInLog = 0;
		};
		A9975574DCEBCBFDA9D76561 /* [CP] Check Pods Manifest.lock */ = {
			isa = PBXShellScriptBuildPhase;
			buildActionMask = 2147483647;
			files = (
			);
			inputFileListPaths = (
			);
			inputPaths = (
				"${PODS_PODFILE_DIR_PATH}/Podfile.lock",
				"${PODS_ROOT}/Manifest.lock",
			);
			name = "[CP] Check Pods Manifest.lock";
			outputFileListPaths = (
			);
			outputPaths = (
				"$(DERIVED_FILE_DIR)/Pods-GitStars-GitStarsUITests-checkManifestLockResult.txt",
			);
			runOnlyForDeploymentPostprocessing = 0;
			shellPath = /bin/sh;
			shellScript = "diff \"${PODS_PODFILE_DIR_PATH}/Podfile.lock\" \"${PODS_ROOT}/Manifest.lock\" > /dev/null\nif [ $? != 0 ] ; then\n    # print error to STDERR\n    echo \"error: The sandbox is not in sync with the Podfile.lock. Run 'pod install' or update your CocoaPods installation.\" >&2\n    exit 1\nfi\n# This output is used by Xcode 'outputs' to avoid re-running this script phase.\necho \"SUCCESS\" > \"${SCRIPT_OUTPUT_FILE_0}\"\n";
			showEnvVarsInLog = 0;
		};
		EA27AA74C8A00BC449B1270D /* [CP] Embed Pods Frameworks */ = {
			isa = PBXShellScriptBuildPhase;
			buildActionMask = 2147483647;
			files = (
			);
			inputFileListPaths = (
				"${PODS_ROOT}/Target Support Files/Pods-GitStars-GitStarsUITests/Pods-GitStars-GitStarsUITests-frameworks-${CONFIGURATION}-input-files.xcfilelist",
			);
			name = "[CP] Embed Pods Frameworks";
			outputFileListPaths = (
				"${PODS_ROOT}/Target Support Files/Pods-GitStars-GitStarsUITests/Pods-GitStars-GitStarsUITests-frameworks-${CONFIGURATION}-output-files.xcfilelist",
			);
			runOnlyForDeploymentPostprocessing = 0;
			shellPath = /bin/sh;
			shellScript = "\"${PODS_ROOT}/Target Support Files/Pods-GitStars-GitStarsUITests/Pods-GitStars-GitStarsUITests-frameworks.sh\"\n";
			showEnvVarsInLog = 0;
		};
		F2FEDEC33377B431A33DC475 /* [CP] Check Pods Manifest.lock */ = {
			isa = PBXShellScriptBuildPhase;
			buildActionMask = 2147483647;
			files = (
			);
			inputFileListPaths = (
			);
			inputPaths = (
				"${PODS_PODFILE_DIR_PATH}/Podfile.lock",
				"${PODS_ROOT}/Manifest.lock",
			);
			name = "[CP] Check Pods Manifest.lock";
			outputFileListPaths = (
			);
			outputPaths = (
				"$(DERIVED_FILE_DIR)/Pods-GitStars-checkManifestLockResult.txt",
			);
			runOnlyForDeploymentPostprocessing = 0;
			shellPath = /bin/sh;
			shellScript = "diff \"${PODS_PODFILE_DIR_PATH}/Podfile.lock\" \"${PODS_ROOT}/Manifest.lock\" > /dev/null\nif [ $? != 0 ] ; then\n    # print error to STDERR\n    echo \"error: The sandbox is not in sync with the Podfile.lock. Run 'pod install' or update your CocoaPods installation.\" >&2\n    exit 1\nfi\n# This output is used by Xcode 'outputs' to avoid re-running this script phase.\necho \"SUCCESS\" > \"${SCRIPT_OUTPUT_FILE_0}\"\n";
			showEnvVarsInLog = 0;
		};
/* End PBXShellScriptBuildPhase section */

/* Begin PBXSourcesBuildPhase section */
		266217E827F24A03008A8B48 /* Sources */ = {
			isa = PBXSourcesBuildPhase;
			buildActionMask = 2147483647;
			files = (
				4CF2C22727F3A8CB00ABB8E7 /* Repo.swift in Sources */,
				F808F62327F7655300C44D28 /* UserGetServiceProtocol.swift in Sources */,
				26D3037427FA187700EC561C /* HomeViewController.swift in Sources */,
				F808F62527F7656000C44D28 /* UserGetService.swift in Sources */,
				F808F61F27F75F8B00C44D28 /* HomeViewModel.swift in Sources */,
				26D3038027FA47B100EC561C /* FavoriteManagerDelegate.swift in Sources */,
				F83DFEB227FB59C500875FB1 /* Dev.swift in Sources */,
				26350F6527F8EC56001CE8F6 /* ErrorView.swift in Sources */,
				26D3037C27FA41C700EC561C /* SearchRepoCoreDataService.swift in Sources */,
				26D3037A27FA369100EC561C /* SearchRepoByIdServiceProtocol.swift in Sources */,
				4CF2C22527F3A81F00ABB8E7 /* GitResponse.swift in Sources */,
				F808F61427F7572B00C44D28 /* SearchRepoServiceProtocol.swift in Sources */,
				F844159F27FA4FFC00EF84AA /* RepositoryDetailsViewController.swift in Sources */,
				4CF2C22327F3A6F800ABB8E7 /* License.swift in Sources */,
				2623BC7C27FBD86100AE0AD3 /* NSNotification+extensions.swift in Sources */,
				F808F61627F7578400C44D28 /* SearchRepoService.swift in Sources */,
				26350F6727F9066C001CE8F6 /* TriStateViewProtocol.swift in Sources */,
				26350F6B27F908E1001CE8F6 /* TriStateViewController.swift in Sources */,
				266217F027F24A03008A8B48 /* AppDelegate.swift in Sources */,
				4CF2C22927F3A90000ABB8E7 /* Author.swift in Sources */,
				F844159C27F9EF8800EF84AA /* TeamViewController.swift in Sources */,
				F83DFEB027FB2C7000875FB1 /* RepositoryDetailsViewModel.swift in Sources */,
				F808F62127F75F9600C44D28 /* RepoManagerDelegate.swift in Sources */,
				F808F60D27F74EB800C44D28 /* HomeRequest.swift in Sources */,
				4CF2C22C27F4BC6E00ABB8E7 /* DataSource.swift in Sources */,
				26D3037627FA318D00EC561C /* FavoritesViewModel.swift in Sources */,
				2662182A27F24C0A008A8B48 /* MainTabBarController.swift in Sources */,
				F808F60927F74E9100C44D28 /* URLRequestProtocol.swift in Sources */,
				519F2EB027F5180300CE7717 /* Repository.swift in Sources */,
				519F2EB227F518D100CE7717 /* ManagedObjectContext.swift in Sources */,
				266217FA27F24A03008A8B48 /* GitStars.xcdatamodeld in Sources */,
				F84415A227FA508900EF84AA /* TeamDetailsViewController.swift in Sources */,
				F83DFEAE27FB2C6700875FB1 /* RepositoryDetailsManagerDelegate.swift in Sources */,
				26AB8F0227F3BC99005F1275 /* ReusableTableViewCell.swift in Sources */,
				26D3037827FA325400EC561C /* SearchRepoByIdService.swift in Sources */,
				F808F60B27F74EA200C44D28 /* HTTPMethod.swift in Sources */,
				26D3037E27FA422A00EC561C /* SearchRepoCoreDataServiceProtocol.swift in Sources */,
				F808F61227F755B900C44D28 /* Environment.swift in Sources */,
				266217F227F24A03008A8B48 /* SceneDelegate.swift in Sources */,
				2643FB0727F69044008EA2C7 /* UIView+extensions.swift in Sources */,
				F808F61027F755A900C44D28 /* Constants.swift in Sources */,
				F844159A27F9EF8100EF84AA /* FavoritesViewController.swift in Sources */,
				26350F6327F8EC46001CE8F6 /* LoadingView.swift in Sources */,
			);
			runOnlyForDeploymentPostprocessing = 0;
		};
		2662180127F24A04008A8B48 /* Sources */ = {
			isa = PBXSourcesBuildPhase;
			buildActionMask = 2147483647;
			files = (
			);
			runOnlyForDeploymentPostprocessing = 0;
		};
		2662180B27F24A04008A8B48 /* Sources */ = {
			isa = PBXSourcesBuildPhase;
			buildActionMask = 2147483647;
			files = (
			);
			runOnlyForDeploymentPostprocessing = 0;
		};
/* End PBXSourcesBuildPhase section */

/* Begin PBXTargetDependency section */
		2662180727F24A04008A8B48 /* PBXTargetDependency */ = {
			isa = PBXTargetDependency;
			target = 266217EB27F24A03008A8B48 /* GitStars */;
			targetProxy = 2662180627F24A04008A8B48 /* PBXContainerItemProxy */;
		};
		2662181127F24A04008A8B48 /* PBXTargetDependency */ = {
			isa = PBXTargetDependency;
			target = 266217EB27F24A03008A8B48 /* GitStars */;
			targetProxy = 2662181027F24A04008A8B48 /* PBXContainerItemProxy */;
		};
/* End PBXTargetDependency section */

/* Begin PBXVariantGroup section */
		266217FD27F24A03008A8B48 /* LaunchScreen.storyboard */ = {
			isa = PBXVariantGroup;
			children = (
				266217FE27F24A03008A8B48 /* Base */,
			);
			name = LaunchScreen.storyboard;
			sourceTree = "<group>";
		};
/* End PBXVariantGroup section */

/* Begin XCBuildConfiguration section */
		2662181727F24A04008A8B48 /* Debug */ = {
			isa = XCBuildConfiguration;
			buildSettings = {
				ALWAYS_SEARCH_USER_PATHS = NO;
				CLANG_ANALYZER_NONNULL = YES;
				CLANG_ANALYZER_NUMBER_OBJECT_CONVERSION = YES_AGGRESSIVE;
				CLANG_CXX_LANGUAGE_STANDARD = "gnu++17";
				CLANG_CXX_LIBRARY = "libc++";
				CLANG_ENABLE_MODULES = YES;
				CLANG_ENABLE_OBJC_ARC = YES;
				CLANG_ENABLE_OBJC_WEAK = YES;
				CLANG_WARN_BLOCK_CAPTURE_AUTORELEASING = YES;
				CLANG_WARN_BOOL_CONVERSION = YES;
				CLANG_WARN_COMMA = YES;
				CLANG_WARN_CONSTANT_CONVERSION = YES;
				CLANG_WARN_DEPRECATED_OBJC_IMPLEMENTATIONS = YES;
				CLANG_WARN_DIRECT_OBJC_ISA_USAGE = YES_ERROR;
				CLANG_WARN_DOCUMENTATION_COMMENTS = YES;
				CLANG_WARN_EMPTY_BODY = YES;
				CLANG_WARN_ENUM_CONVERSION = YES;
				CLANG_WARN_INFINITE_RECURSION = YES;
				CLANG_WARN_INT_CONVERSION = YES;
				CLANG_WARN_NON_LITERAL_NULL_CONVERSION = YES;
				CLANG_WARN_OBJC_IMPLICIT_RETAIN_SELF = YES;
				CLANG_WARN_OBJC_LITERAL_CONVERSION = YES;
				CLANG_WARN_OBJC_ROOT_CLASS = YES_ERROR;
				CLANG_WARN_QUOTED_INCLUDE_IN_FRAMEWORK_HEADER = YES;
				CLANG_WARN_RANGE_LOOP_ANALYSIS = YES;
				CLANG_WARN_STRICT_PROTOTYPES = YES;
				CLANG_WARN_SUSPICIOUS_MOVE = YES;
				CLANG_WARN_UNGUARDED_AVAILABILITY = YES_AGGRESSIVE;
				CLANG_WARN_UNREACHABLE_CODE = YES;
				CLANG_WARN__DUPLICATE_METHOD_MATCH = YES;
				COPY_PHASE_STRIP = NO;
				DEBUG_INFORMATION_FORMAT = dwarf;
				ENABLE_STRICT_OBJC_MSGSEND = YES;
				ENABLE_TESTABILITY = YES;
				GCC_C_LANGUAGE_STANDARD = gnu11;
				GCC_DYNAMIC_NO_PIC = NO;
				GCC_NO_COMMON_BLOCKS = YES;
				GCC_OPTIMIZATION_LEVEL = 0;
				GCC_PREPROCESSOR_DEFINITIONS = (
					"DEBUG=1",
					"$(inherited)",
				);
				GCC_WARN_64_TO_32_BIT_CONVERSION = YES;
				GCC_WARN_ABOUT_RETURN_TYPE = YES_ERROR;
				GCC_WARN_UNDECLARED_SELECTOR = YES;
				GCC_WARN_UNINITIALIZED_AUTOS = YES_AGGRESSIVE;
				GCC_WARN_UNUSED_FUNCTION = YES;
				GCC_WARN_UNUSED_VARIABLE = YES;
				IPHONEOS_DEPLOYMENT_TARGET = 13.0;
				MTL_ENABLE_DEBUG_INFO = INCLUDE_SOURCE;
				MTL_FAST_MATH = YES;
				ONLY_ACTIVE_ARCH = YES;
				SDKROOT = iphoneos;
				SWIFT_ACTIVE_COMPILATION_CONDITIONS = DEBUG;
				SWIFT_OPTIMIZATION_LEVEL = "-Onone";
			};
			name = Debug;
		};
		2662181827F24A04008A8B48 /* Release */ = {
			isa = XCBuildConfiguration;
			buildSettings = {
				ALWAYS_SEARCH_USER_PATHS = NO;
				CLANG_ANALYZER_NONNULL = YES;
				CLANG_ANALYZER_NUMBER_OBJECT_CONVERSION = YES_AGGRESSIVE;
				CLANG_CXX_LANGUAGE_STANDARD = "gnu++17";
				CLANG_CXX_LIBRARY = "libc++";
				CLANG_ENABLE_MODULES = YES;
				CLANG_ENABLE_OBJC_ARC = YES;
				CLANG_ENABLE_OBJC_WEAK = YES;
				CLANG_WARN_BLOCK_CAPTURE_AUTORELEASING = YES;
				CLANG_WARN_BOOL_CONVERSION = YES;
				CLANG_WARN_COMMA = YES;
				CLANG_WARN_CONSTANT_CONVERSION = YES;
				CLANG_WARN_DEPRECATED_OBJC_IMPLEMENTATIONS = YES;
				CLANG_WARN_DIRECT_OBJC_ISA_USAGE = YES_ERROR;
				CLANG_WARN_DOCUMENTATION_COMMENTS = YES;
				CLANG_WARN_EMPTY_BODY = YES;
				CLANG_WARN_ENUM_CONVERSION = YES;
				CLANG_WARN_INFINITE_RECURSION = YES;
				CLANG_WARN_INT_CONVERSION = YES;
				CLANG_WARN_NON_LITERAL_NULL_CONVERSION = YES;
				CLANG_WARN_OBJC_IMPLICIT_RETAIN_SELF = YES;
				CLANG_WARN_OBJC_LITERAL_CONVERSION = YES;
				CLANG_WARN_OBJC_ROOT_CLASS = YES_ERROR;
				CLANG_WARN_QUOTED_INCLUDE_IN_FRAMEWORK_HEADER = YES;
				CLANG_WARN_RANGE_LOOP_ANALYSIS = YES;
				CLANG_WARN_STRICT_PROTOTYPES = YES;
				CLANG_WARN_SUSPICIOUS_MOVE = YES;
				CLANG_WARN_UNGUARDED_AVAILABILITY = YES_AGGRESSIVE;
				CLANG_WARN_UNREACHABLE_CODE = YES;
				CLANG_WARN__DUPLICATE_METHOD_MATCH = YES;
				COPY_PHASE_STRIP = NO;
				DEBUG_INFORMATION_FORMAT = "dwarf-with-dsym";
				ENABLE_NS_ASSERTIONS = NO;
				ENABLE_STRICT_OBJC_MSGSEND = YES;
				GCC_C_LANGUAGE_STANDARD = gnu11;
				GCC_NO_COMMON_BLOCKS = YES;
				GCC_WARN_64_TO_32_BIT_CONVERSION = YES;
				GCC_WARN_ABOUT_RETURN_TYPE = YES_ERROR;
				GCC_WARN_UNDECLARED_SELECTOR = YES;
				GCC_WARN_UNINITIALIZED_AUTOS = YES_AGGRESSIVE;
				GCC_WARN_UNUSED_FUNCTION = YES;
				GCC_WARN_UNUSED_VARIABLE = YES;
				IPHONEOS_DEPLOYMENT_TARGET = 13.0;
				MTL_ENABLE_DEBUG_INFO = NO;
				MTL_FAST_MATH = YES;
				SDKROOT = iphoneos;
				SWIFT_COMPILATION_MODE = wholemodule;
				SWIFT_OPTIMIZATION_LEVEL = "-O";
				VALIDATE_PRODUCT = YES;
			};
			name = Release;
		};
		2662181A27F24A04008A8B48 /* Debug */ = {
			isa = XCBuildConfiguration;
			baseConfigurationReference = 1EF63981DA6F25329E475CA2 /* Pods-GitStars.debug.xcconfig */;
			buildSettings = {
				ASSETCATALOG_COMPILER_APPICON_NAME = AppIcon;
				ASSETCATALOG_COMPILER_GLOBAL_ACCENT_COLOR_NAME = AccentColor;
				CODE_SIGN_STYLE = Automatic;
				CURRENT_PROJECT_VERSION = 1;
				DEVELOPMENT_TEAM = 473AAT6556;
				GENERATE_INFOPLIST_FILE = YES;
				INFOPLIST_FILE = GitStars/Application/Info.plist;
				INFOPLIST_KEY_UIApplicationSupportsIndirectInputEvents = YES;
				INFOPLIST_KEY_UILaunchStoryboardName = LaunchScreen;
				INFOPLIST_KEY_UISupportedInterfaceOrientations = UIInterfaceOrientationPortrait;
				INFOPLIST_KEY_UISupportedInterfaceOrientations_iPad = "UIInterfaceOrientationPortrait UIInterfaceOrientationPortraitUpsideDown UIInterfaceOrientationLandscapeLeft UIInterfaceOrientationLandscapeRight";
				INFOPLIST_KEY_UISupportedInterfaceOrientations_iPhone = "UIInterfaceOrientationPortrait UIInterfaceOrientationLandscapeLeft UIInterfaceOrientationLandscapeRight";
				IPHONEOS_DEPLOYMENT_TARGET = 13.0;
				LD_RUNPATH_SEARCH_PATHS = (
					"$(inherited)",
					"@executable_path/Frameworks",
				);
				MARKETING_VERSION = 1.0;
				PRODUCT_BUNDLE_IDENTIFIER = com.grupo4.GitStars;
				PRODUCT_NAME = "$(TARGET_NAME)";
				SWIFT_EMIT_LOC_STRINGS = YES;
				SWIFT_VERSION = 5.0;
				TARGETED_DEVICE_FAMILY = 1;
			};
			name = Debug;
		};
		2662181B27F24A04008A8B48 /* Release */ = {
			isa = XCBuildConfiguration;
			baseConfigurationReference = 9D45313FAC2474EED9E7298B /* Pods-GitStars.release.xcconfig */;
			buildSettings = {
				ASSETCATALOG_COMPILER_APPICON_NAME = AppIcon;
				ASSETCATALOG_COMPILER_GLOBAL_ACCENT_COLOR_NAME = AccentColor;
				CODE_SIGN_STYLE = Automatic;
				CURRENT_PROJECT_VERSION = 1;
				DEVELOPMENT_TEAM = 473AAT6556;
				GENERATE_INFOPLIST_FILE = YES;
				INFOPLIST_FILE = GitStars/Application/Info.plist;
				INFOPLIST_KEY_UIApplicationSupportsIndirectInputEvents = YES;
				INFOPLIST_KEY_UILaunchStoryboardName = LaunchScreen;
				INFOPLIST_KEY_UISupportedInterfaceOrientations = UIInterfaceOrientationPortrait;
				INFOPLIST_KEY_UISupportedInterfaceOrientations_iPad = "UIInterfaceOrientationPortrait UIInterfaceOrientationPortraitUpsideDown UIInterfaceOrientationLandscapeLeft UIInterfaceOrientationLandscapeRight";
				INFOPLIST_KEY_UISupportedInterfaceOrientations_iPhone = "UIInterfaceOrientationPortrait UIInterfaceOrientationLandscapeLeft UIInterfaceOrientationLandscapeRight";
				IPHONEOS_DEPLOYMENT_TARGET = 13.0;
				LD_RUNPATH_SEARCH_PATHS = (
					"$(inherited)",
					"@executable_path/Frameworks",
				);
				MARKETING_VERSION = 1.0;
				PRODUCT_BUNDLE_IDENTIFIER = com.grupo4.GitStars;
				PRODUCT_NAME = "$(TARGET_NAME)";
				SWIFT_EMIT_LOC_STRINGS = YES;
				SWIFT_VERSION = 5.0;
				TARGETED_DEVICE_FAMILY = 1;
			};
			name = Release;
		};
		2662181D27F24A04008A8B48 /* Debug */ = {
			isa = XCBuildConfiguration;
			baseConfigurationReference = 3F906B11707FF9D02826ABC2 /* Pods-GitStarsTests.debug.xcconfig */;
			buildSettings = {
				ALWAYS_EMBED_SWIFT_STANDARD_LIBRARIES = YES;
				BUNDLE_LOADER = "$(TEST_HOST)";
				CODE_SIGN_STYLE = Automatic;
				CURRENT_PROJECT_VERSION = 1;
				GENERATE_INFOPLIST_FILE = YES;
				IPHONEOS_DEPLOYMENT_TARGET = 15.2;
				MARKETING_VERSION = 1.0;
				PRODUCT_BUNDLE_IDENTIFIER = com.grupo4.GitStarsTests;
				PRODUCT_NAME = "$(TARGET_NAME)";
				SWIFT_EMIT_LOC_STRINGS = NO;
				SWIFT_VERSION = 5.0;
				TARGETED_DEVICE_FAMILY = "1,2";
				TEST_HOST = "$(BUILT_PRODUCTS_DIR)/GitStars.app/GitStars";
			};
			name = Debug;
		};
		2662181E27F24A04008A8B48 /* Release */ = {
			isa = XCBuildConfiguration;
			baseConfigurationReference = A0ECDBDD9BE2CC5F0338C5AF /* Pods-GitStarsTests.release.xcconfig */;
			buildSettings = {
				ALWAYS_EMBED_SWIFT_STANDARD_LIBRARIES = YES;
				BUNDLE_LOADER = "$(TEST_HOST)";
				CODE_SIGN_STYLE = Automatic;
				CURRENT_PROJECT_VERSION = 1;
				GENERATE_INFOPLIST_FILE = YES;
				IPHONEOS_DEPLOYMENT_TARGET = 15.2;
				MARKETING_VERSION = 1.0;
				PRODUCT_BUNDLE_IDENTIFIER = com.grupo4.GitStarsTests;
				PRODUCT_NAME = "$(TARGET_NAME)";
				SWIFT_EMIT_LOC_STRINGS = NO;
				SWIFT_VERSION = 5.0;
				TARGETED_DEVICE_FAMILY = "1,2";
				TEST_HOST = "$(BUILT_PRODUCTS_DIR)/GitStars.app/GitStars";
			};
			name = Release;
		};
		2662182027F24A04008A8B48 /* Debug */ = {
			isa = XCBuildConfiguration;
			baseConfigurationReference = 759F64BC7E3CD990AB91EB4E /* Pods-GitStars-GitStarsUITests.debug.xcconfig */;
			buildSettings = {
				ALWAYS_EMBED_SWIFT_STANDARD_LIBRARIES = YES;
				CODE_SIGN_STYLE = Automatic;
				CURRENT_PROJECT_VERSION = 1;
				GENERATE_INFOPLIST_FILE = YES;
				MARKETING_VERSION = 1.0;
				PRODUCT_BUNDLE_IDENTIFIER = com.grupo4.GitStarsUITests;
				PRODUCT_NAME = "$(TARGET_NAME)";
				SWIFT_EMIT_LOC_STRINGS = NO;
				SWIFT_VERSION = 5.0;
				TARGETED_DEVICE_FAMILY = "1,2";
				TEST_TARGET_NAME = GitStars;
			};
			name = Debug;
		};
		2662182127F24A04008A8B48 /* Release */ = {
			isa = XCBuildConfiguration;
			baseConfigurationReference = 99F732B523CC64054F09F18E /* Pods-GitStars-GitStarsUITests.release.xcconfig */;
			buildSettings = {
				ALWAYS_EMBED_SWIFT_STANDARD_LIBRARIES = YES;
				CODE_SIGN_STYLE = Automatic;
				CURRENT_PROJECT_VERSION = 1;
				GENERATE_INFOPLIST_FILE = YES;
				MARKETING_VERSION = 1.0;
				PRODUCT_BUNDLE_IDENTIFIER = com.grupo4.GitStarsUITests;
				PRODUCT_NAME = "$(TARGET_NAME)";
				SWIFT_EMIT_LOC_STRINGS = NO;
				SWIFT_VERSION = 5.0;
				TARGETED_DEVICE_FAMILY = "1,2";
				TEST_TARGET_NAME = GitStars;
			};
			name = Release;
		};
/* End XCBuildConfiguration section */

/* Begin XCConfigurationList section */
		266217E727F24A03008A8B48 /* Build configuration list for PBXProject "GitStars" */ = {
			isa = XCConfigurationList;
			buildConfigurations = (
				2662181727F24A04008A8B48 /* Debug */,
				2662181827F24A04008A8B48 /* Release */,
			);
			defaultConfigurationIsVisible = 0;
			defaultConfigurationName = Release;
		};
		2662181927F24A04008A8B48 /* Build configuration list for PBXNativeTarget "GitStars" */ = {
			isa = XCConfigurationList;
			buildConfigurations = (
				2662181A27F24A04008A8B48 /* Debug */,
				2662181B27F24A04008A8B48 /* Release */,
			);
			defaultConfigurationIsVisible = 0;
			defaultConfigurationName = Release;
		};
		2662181C27F24A04008A8B48 /* Build configuration list for PBXNativeTarget "GitStarsTests" */ = {
			isa = XCConfigurationList;
			buildConfigurations = (
				2662181D27F24A04008A8B48 /* Debug */,
				2662181E27F24A04008A8B48 /* Release */,
			);
			defaultConfigurationIsVisible = 0;
			defaultConfigurationName = Release;
		};
		2662181F27F24A04008A8B48 /* Build configuration list for PBXNativeTarget "GitStarsUITests" */ = {
			isa = XCConfigurationList;
			buildConfigurations = (
				2662182027F24A04008A8B48 /* Debug */,
				2662182127F24A04008A8B48 /* Release */,
			);
			defaultConfigurationIsVisible = 0;
			defaultConfigurationName = Release;
		};
/* End XCConfigurationList section */

/* Begin XCVersionGroup section */
		266217F827F24A03008A8B48 /* GitStars.xcdatamodeld */ = {
			isa = XCVersionGroup;
			children = (
				266217F927F24A03008A8B48 /* GitStars.xcdatamodel */,
			);
			currentVersion = 266217F927F24A03008A8B48 /* GitStars.xcdatamodel */;
			path = GitStars.xcdatamodeld;
			sourceTree = "<group>";
			versionGroupType = wrapper.xcdatamodel;
		};
/* End XCVersionGroup section */
	};
	rootObject = 266217E427F24A03008A8B48 /* Project object */;
}
